
Microsoft Visual Studio Solution File, Format Version 12.00
# Visual Studio Version 16
VisualStudioVersion = 16.0.29911.84
MinimumVisualStudioVersion = 10.0.40219.1
Project("{FAE04EC0-301F-11D3-BF4B-00C04F79EFBC}") = "cs_lab6", "cs_lab6\cs_lab6.csproj", "{312F395F-102F-4E94-B807-13A218AA012B}"
EndProject
Global
	GlobalSection(SolutionConfigurationPlatforms) = preSolution
		Debug|Any CPU = Debug|Any CPU
		Release|Any CPU = Release|Any CPU
	EndGlobalSection
	GlobalSection(ProjectConfigurationPlatforms) = postSolution
		{312F395F-102F-4E94-B807-13A218AA012B}.Debug|Any CPU.ActiveCfg = Debug|Any CPU
		{312F395F-102F-4E94-B807-13A218AA012B}.Debug|Any CPU.Build.0 = Debug|Any CPU
		{312F395F-102F-4E94-B807-13A218AA012B}.Release|Any CPU.ActiveCfg = Release|Any CPU
		{312F395F-102F-4E94-B807-13A218AA012B}.Release|Any CPU.Build.0 = Release|Any CPU
	EndGlobalSection
	GlobalSection(SolutionProperties) = preSolution
		HideSolutionNode = FALSE
	EndGlobalSection
	GlobalSection(ExtensibilityGlobals) = postSolution
		SolutionGuid = {301858F4-97BA-4B27-B756-5FEB8DFB9CAB}
	EndGlobalSection
EndGlobal
